
Microsoft Visual Studio Solution File, Format Version 12.00
# Visual Studio 14
VisualStudioVersion = 14.0.23107.0
MinimumVisualStudioVersion = 10.0.40219.1
Project("{FAE04EC0-301F-11D3-BF4B-00C04F79EFBC}") = "Likkle.BusinessEntities", "Likkle.BusinessEntities\Likkle.BusinessEntities.csproj", "{897F5C77-CDA0-4644-85B1-20828134E843}"
EndProject
Project("{FAE04EC0-301F-11D3-BF4B-00C04F79EFBC}") = "Likkle.BusinessServices", "Likkle.BusinessServices\Likkle.BusinessServices.csproj", "{9468D542-C1AF-40C4-9FDB-A4E77FA07161}"
EndProject
Project("{FAE04EC0-301F-11D3-BF4B-00C04F79EFBC}") = "Likkle.DataModel", "Likkle.DataModel\Likkle.DataModel.csproj", "{12EC8683-4D5F-41C4-8B2A-93F2F0C56FA4}"
EndProject
Project("{FAE04EC0-301F-11D3-BF4B-00C04F79EFBC}") = "Likkle.WebApi", "Likkle.WebApi\Likkle.WebApi.csproj", "{864E078D-9334-4259-B222-E90764E5F480}"
EndProject
Project("{FAE04EC0-301F-11D3-BF4B-00C04F79EFBC}") = "Likkle.WebApi.Owin", "Likkle.WebApi.Owin\Likkle.WebApi.Owin.csproj", "{A4320DEA-5C3F-4537-A6DD-1120281F3041}"
EndProject
Global
	GlobalSection(SolutionConfigurationPlatforms) = preSolution
		Debug|Any CPU = Debug|Any CPU
		Release|Any CPU = Release|Any CPU
	EndGlobalSection
	GlobalSection(ProjectConfigurationPlatforms) = postSolution
		{897F5C77-CDA0-4644-85B1-20828134E843}.Debug|Any CPU.ActiveCfg = Debug|Any CPU
		{897F5C77-CDA0-4644-85B1-20828134E843}.Debug|Any CPU.Build.0 = Debug|Any CPU
		{897F5C77-CDA0-4644-85B1-20828134E843}.Release|Any CPU.ActiveCfg = Release|Any CPU
		{897F5C77-CDA0-4644-85B1-20828134E843}.Release|Any CPU.Build.0 = Release|Any CPU
		{9468D542-C1AF-40C4-9FDB-A4E77FA07161}.Debug|Any CPU.ActiveCfg = Debug|Any CPU
		{9468D542-C1AF-40C4-9FDB-A4E77FA07161}.Debug|Any CPU.Build.0 = Debug|Any CPU
		{9468D542-C1AF-40C4-9FDB-A4E77FA07161}.Release|Any CPU.ActiveCfg = Release|Any CPU
		{9468D542-C1AF-40C4-9FDB-A4E77FA07161}.Release|Any CPU.Build.0 = Release|Any CPU
		{12EC8683-4D5F-41C4-8B2A-93F2F0C56FA4}.Debug|Any CPU.ActiveCfg = Debug|Any CPU
		{12EC8683-4D5F-41C4-8B2A-93F2F0C56FA4}.Debug|Any CPU.Build.0 = Debug|Any CPU
		{12EC8683-4D5F-41C4-8B2A-93F2F0C56FA4}.Release|Any CPU.ActiveCfg = Release|Any CPU
		{12EC8683-4D5F-41C4-8B2A-93F2F0C56FA4}.Release|Any CPU.Build.0 = Release|Any CPU
		{864E078D-9334-4259-B222-E90764E5F480}.Debug|Any CPU.ActiveCfg = Debug|Any CPU
		{864E078D-9334-4259-B222-E90764E5F480}.Debug|Any CPU.Build.0 = Debug|Any CPU
		{864E078D-9334-4259-B222-E90764E5F480}.Release|Any CPU.ActiveCfg = Release|Any CPU
		{864E078D-9334-4259-B222-E90764E5F480}.Release|Any CPU.Build.0 = Release|Any CPU
		{A4320DEA-5C3F-4537-A6DD-1120281F3041}.Debug|Any CPU.ActiveCfg = Debug|Any CPU
		{A4320DEA-5C3F-4537-A6DD-1120281F3041}.Debug|Any CPU.Build.0 = Debug|Any CPU
		{A4320DEA-5C3F-4537-A6DD-1120281F3041}.Release|Any CPU.ActiveCfg = Release|Any CPU
		{A4320DEA-5C3F-4537-A6DD-1120281F3041}.Release|Any CPU.Build.0 = Release|Any CPU
	EndGlobalSection
	GlobalSection(SolutionProperties) = preSolution
		HideSolutionNode = FALSE
	EndGlobalSection
EndGlobal
